
Microsoft Visual Studio Solution File, Format Version 12.00
# Visual Studio Version 16
VisualStudioVersion = 16.0.29505.145
MinimumVisualStudioVersion = 10.0.40219.1
Project("{FAE04EC0-301F-11D3-BF4B-00C04F79EFBC}") = "MyGames", "MyGames\MyGames.csproj", "{F34C8677-60EF-4E83-BF9C-27FB97D87BF7}"
EndProject
Global
	GlobalSection(SolutionConfigurationPlatforms) = preSolution
		Debug|Any CPU = Debug|Any CPU
		Release|Any CPU = Release|Any CPU
	EndGlobalSection
	GlobalSection(ProjectConfigurationPlatforms) = postSolution
		{F34C8677-60EF-4E83-BF9C-27FB97D87BF7}.Debug|Any CPU.ActiveCfg = Debug|Any CPU
		{F34C8677-60EF-4E83-BF9C-27FB97D87BF7}.Debug|Any CPU.Build.0 = Debug|Any CPU
		{F34C8677-60EF-4E83-BF9C-27FB97D87BF7}.Release|Any CPU.ActiveCfg = Release|Any CPU
		{F34C8677-60EF-4E83-BF9C-27FB97D87BF7}.Release|Any CPU.Build.0 = Release|Any CPU
	EndGlobalSection
	GlobalSection(SolutionProperties) = preSolution
		HideSolutionNode = FALSE
	EndGlobalSection
	GlobalSection(ExtensibilityGlobals) = postSolution
		SolutionGuid = {CE703CFE-94E4-4DA1-A48A-D3E077B158FD}
	EndGlobalSection
EndGlobal
